// !$*UTF8*$!
{
	archiveVersion = 1;
	classes = {
	};
	objectVersion = 46;
	objects = {

/* Begin PBXBuildFile section */
		8F025BA91C006ABC00441FE1 /* AssetPageViewController.m in Sources */ = {isa = PBXBuildFile; fileRef = 8F025BA81C006ABC00441FE1 /* AssetPageViewController.m */; };
		8F07B2D61BF46A3F0066EDA9 /* GifAssetHelper.m in Sources */ = {isa = PBXBuildFile; fileRef = 8F07B2D51BF46A3F0066EDA9 /* GifAssetHelper.m */; };
		8F07B2D91BF47AE10066EDA9 /* Localizable.strings in Resources */ = {isa = PBXBuildFile; fileRef = 8F07B2DB1BF47AE10066EDA9 /* Localizable.strings */; };
		8F07B2E71BF486BD0066EDA9 /* InfoPlist.strings in Resources */ = {isa = PBXBuildFile; fileRef = 8F07B2E91BF486BD0066EDA9 /* InfoPlist.strings */; };
		8F07B2EC1BF4892D0066EDA9 /* Info.plist in Resources */ = {isa = PBXBuildFile; fileRef = 8F07B2EB1BF4892D0066EDA9 /* Info.plist */; };
		8F1CB24B1BF2FFD4006378F0 /* main.m in Sources */ = {isa = PBXBuildFile; fileRef = 8F1CB24A1BF2FFD4006378F0 /* main.m */; };
		8F1CB24E1BF2FFD4006378F0 /* AppDelegate.m in Sources */ = {isa = PBXBuildFile; fileRef = 8F1CB24D1BF2FFD4006378F0 /* AppDelegate.m */; };
		8F1CB2571BF2FFD4006378F0 /* iDongtu.xcdatamodeld in Sources */ = {isa = PBXBuildFile; fileRef = 8F1CB2551BF2FFD4006378F0 /* iDongtu.xcdatamodeld */; };
		8F1CB2591BF2FFD4006378F0 /* Assets.xcassets in Resources */ = {isa = PBXBuildFile; fileRef = 8F1CB2581BF2FFD4006378F0 /* Assets.xcassets */; };
		8F1CB25C1BF2FFD4006378F0 /* LaunchScreen.storyboard in Resources */ = {isa = PBXBuildFile; fileRef = 8F1CB25A1BF2FFD4006378F0 /* LaunchScreen.storyboard */; };
		8F1CB2671BF2FFD4006378F0 /* iDongtuTests.m in Sources */ = {isa = PBXBuildFile; fileRef = 8F1CB2661BF2FFD4006378F0 /* iDongtuTests.m */; };
		8F1CB2721BF2FFD4006378F0 /* iDongtuUITests.m in Sources */ = {isa = PBXBuildFile; fileRef = 8F1CB2711BF2FFD4006378F0 /* iDongtuUITests.m */; };
		8F1CB29D1BF3033C006378F0 /* CIImage+Convenience.m in Sources */ = {isa = PBXBuildFile; fileRef = 8F1CB2981BF3033C006378F0 /* CIImage+Convenience.m */; };
		8F1CB29E1BF3033C006378F0 /* NSIndexSet+Convenience.m in Sources */ = {isa = PBXBuildFile; fileRef = 8F1CB29A1BF3033C006378F0 /* NSIndexSet+Convenience.m */; };
		8F1CB29F1BF3033C006378F0 /* UICollectionView+Convenience.m in Sources */ = {isa = PBXBuildFile; fileRef = 8F1CB29C1BF3033C006378F0 /* UICollectionView+Convenience.m */; };
		8F1CB2A51BF3035E006378F0 /* NSGIF.m in Sources */ = {isa = PBXBuildFile; fileRef = 8F1CB2A21BF3035E006378F0 /* NSGIF.m */; };
		8F1CB2A61BF3035E006378F0 /* NSGIF+livePhoto.m in Sources */ = {isa = PBXBuildFile; fileRef = 8F1CB2A41BF3035E006378F0 /* NSGIF+livePhoto.m */; };
		8F1CB2AF1BF30380006378F0 /* AAPLRootListViewController.m in Sources */ = {isa = PBXBuildFile; fileRef = 8F1CB2A81BF30380006378F0 /* AAPLRootListViewController.m */; };
		8F1CB2B01BF30380006378F0 /* AAPLAssetGridViewController.m in Sources */ = {isa = PBXBuildFile; fileRef = 8F1CB2AA1BF30380006378F0 /* AAPLAssetGridViewController.m */; };
		8F1CB2B11BF30380006378F0 /* AAPLAssetViewController.m in Sources */ = {isa = PBXBuildFile; fileRef = 8F1CB2AC1BF30380006378F0 /* AAPLAssetViewController.m */; };
		8F1CB2B21BF30380006378F0 /* ShareViewController.m in Sources */ = {isa = PBXBuildFile; fileRef = 8F1CB2AE1BF30380006378F0 /* ShareViewController.m */; };
		8F1CB2B61BF30396006378F0 /* AAPLGridViewCell.m in Sources */ = {isa = PBXBuildFile; fileRef = 8F1CB2B51BF30396006378F0 /* AAPLGridViewCell.m */; };
		8F1CB2BB1BF30539006378F0 /* Main.storyboard in Resources */ = {isa = PBXBuildFile; fileRef = 8F1CB2BA1BF30539006378F0 /* Main.storyboard */; };
		8F1CB2C31BF30A68006378F0 /* Storyboard.storyboard in Resources */ = {isa = PBXBuildFile; fileRef = 8F1CB2C51BF30A68006378F0 /* Storyboard.storyboard */; };
		8F1CB32F1BF32023006378F0 /* libstdc++.6.0.9.tbd in Frameworks */ = {isa = PBXBuildFile; fileRef = 8F1CB32E1BF32023006378F0 /* libstdc++.6.0.9.tbd */; };
		8F1CB3311BF3202D006378F0 /* libz.tbd in Frameworks */ = {isa = PBXBuildFile; fileRef = 8F1CB3301BF3202D006378F0 /* libz.tbd */; };
		8F1CB3331BF32034006378F0 /* CoreData.framework in Frameworks */ = {isa = PBXBuildFile; fileRef = 8F1CB3321BF32034006378F0 /* CoreData.framework */; };
		8F1CB3351BF3203E006378F0 /* CoreLocation.framework in Frameworks */ = {isa = PBXBuildFile; fileRef = 8F1CB3341BF3203E006378F0 /* CoreLocation.framework */; };
		8F1CB3381BF3207E006378F0 /* libsqlite3.0.tbd in Frameworks */ = {isa = PBXBuildFile; fileRef = 8F1CB3371BF3207E006378F0 /* libsqlite3.0.tbd */; };
		8F2D65281BFC87D500053452 /* LDAssetsThumbnailView.m in Sources */ = {isa = PBXBuildFile; fileRef = 8F2D65271BFC87D500053452 /* LDAssetsThumbnailView.m */; };
		8F2D652B1BFDBB5F00053452 /* AssetGroupTableViewCell.m in Sources */ = {isa = PBXBuildFile; fileRef = 8F2D652A1BFDBB5F00053452 /* AssetGroupTableViewCell.m */; };
		8F466AA01C115A0600EFBB0C /* BaseNavigationViewController.m in Sources */ = {isa = PBXBuildFile; fileRef = 8F466A9F1C115A0600EFBB0C /* BaseNavigationViewController.m */; };
		8F891C021C0095F700A09B68 /* LDViewControllerTransitioner.m in Sources */ = {isa = PBXBuildFile; fileRef = 8F891C011C0095F700A09B68 /* LDViewControllerTransitioner.m */; };
		8FBD86341BF37EDC004A7D63 /* NSGIF+GifExist.m in Sources */ = {isa = PBXBuildFile; fileRef = 8FBD86331BF37EDC004A7D63 /* NSGIF+GifExist.m */; };
		8FCE9E8E1C0729F100176AD1 /* PageFullScreen.m in Sources */ = {isa = PBXBuildFile; fileRef = 8FCE9E8D1C0729F100176AD1 /* PageFullScreen.m */; };
/* End PBXBuildFile section */

/* Begin PBXContainerItemProxy section */
		8F1CB2631BF2FFD4006378F0 /* PBXContainerItemProxy */ = {
			isa = PBXContainerItemProxy;
			containerPortal = 8F1CB23E1BF2FFD4006378F0 /* Project object */;
			proxyType = 1;
			remoteGlobalIDString = 8F1CB2451BF2FFD4006378F0;
			remoteInfo = iDongtu;
		};
		8F1CB26E1BF2FFD4006378F0 /* PBXContainerItemProxy */ = {
			isa = PBXContainerItemProxy;
			containerPortal = 8F1CB23E1BF2FFD4006378F0 /* Project object */;
			proxyType = 1;
			remoteGlobalIDString = 8F1CB2451BF2FFD4006378F0;
			remoteInfo = iDongtu;
		};
/* End PBXContainerItemProxy section */

/* Begin PBXFileReference section */
		8F025BA71C006ABC00441FE1 /* AssetPageViewController.h */ = {isa = PBXFileReference; fileEncoding = 4; lastKnownFileType = sourcecode.c.h; path = AssetPageViewController.h; sourceTree = "<group>"; };
		8F025BA81C006ABC00441FE1 /* AssetPageViewController.m */ = {isa = PBXFileReference; fileEncoding = 4; lastKnownFileType = sourcecode.c.objc; path = AssetPageViewController.m; sourceTree = "<group>"; };
		8F07B2D41BF46A3F0066EDA9 /* GifAssetHelper.h */ = {isa = PBXFileReference; fileEncoding = 4; lastKnownFileType = sourcecode.c.h; path = GifAssetHelper.h; sourceTree = "<group>"; };
		8F07B2D51BF46A3F0066EDA9 /* GifAssetHelper.m */ = {isa = PBXFileReference; fileEncoding = 4; lastKnownFileType = sourcecode.c.objc; path = GifAssetHelper.m; sourceTree = "<group>"; };
		8F07B2DA1BF47AE10066EDA9 /* en */ = {isa = PBXFileReference; lastKnownFileType = text.plist.strings; name = en; path = en.lproj/Localizable.strings; sourceTree = "<group>"; };
		8F07B2DC1BF47AE20066EDA9 /* zh-Hans */ = {isa = PBXFileReference; lastKnownFileType = text.plist.strings; name = "zh-Hans"; path = "zh-Hans.lproj/Localizable.strings"; sourceTree = "<group>"; };
		8F07B2E81BF486BD0066EDA9 /* en */ = {isa = PBXFileReference; lastKnownFileType = text.plist.strings; name = en; path = en.lproj/InfoPlist.strings; sourceTree = "<group>"; };
		8F07B2EA1BF486BE0066EDA9 /* zh-Hans */ = {isa = PBXFileReference; lastKnownFileType = text.plist.strings; name = "zh-Hans"; path = "zh-Hans.lproj/InfoPlist.strings"; sourceTree = "<group>"; };
		8F07B2EB1BF4892D0066EDA9 /* Info.plist */ = {isa = PBXFileReference; fileEncoding = 4; lastKnownFileType = text.plist.xml; path = Info.plist; sourceTree = "<group>"; };
		8F1CB2461BF2FFD4006378F0 /* iDongtu.app */ = {isa = PBXFileReference; explicitFileType = wrapper.application; includeInIndex = 0; path = iDongtu.app; sourceTree = BUILT_PRODUCTS_DIR; };
		8F1CB24A1BF2FFD4006378F0 /* main.m */ = {isa = PBXFileReference; lastKnownFileType = sourcecode.c.objc; path = main.m; sourceTree = "<group>"; };
		8F1CB24C1BF2FFD4006378F0 /* AppDelegate.h */ = {isa = PBXFileReference; lastKnownFileType = sourcecode.c.h; path = AppDelegate.h; sourceTree = "<group>"; };
		8F1CB24D1BF2FFD4006378F0 /* AppDelegate.m */ = {isa = PBXFileReference; lastKnownFileType = sourcecode.c.objc; path = AppDelegate.m; sourceTree = "<group>"; };
		8F1CB2561BF2FFD4006378F0 /* iDongtu.xcdatamodel */ = {isa = PBXFileReference; lastKnownFileType = wrapper.xcdatamodel; path = iDongtu.xcdatamodel; sourceTree = "<group>"; };
		8F1CB2581BF2FFD4006378F0 /* Assets.xcassets */ = {isa = PBXFileReference; lastKnownFileType = folder.assetcatalog; path = Assets.xcassets; sourceTree = "<group>"; };
		8F1CB2621BF2FFD4006378F0 /* iDongtuTests.xctest */ = {isa = PBXFileReference; explicitFileType = wrapper.cfbundle; includeInIndex = 0; path = iDongtuTests.xctest; sourceTree = BUILT_PRODUCTS_DIR; };
		8F1CB2661BF2FFD4006378F0 /* iDongtuTests.m */ = {isa = PBXFileReference; lastKnownFileType = sourcecode.c.objc; path = iDongtuTests.m; sourceTree = "<group>"; };
		8F1CB2681BF2FFD4006378F0 /* Info.plist */ = {isa = PBXFileReference; lastKnownFileType = text.plist.xml; path = Info.plist; sourceTree = "<group>"; };
		8F1CB26D1BF2FFD4006378F0 /* iDongtuUITests.xctest */ = {isa = PBXFileReference; explicitFileType = wrapper.cfbundle; includeInIndex = 0; path = iDongtuUITests.xctest; sourceTree = BUILT_PRODUCTS_DIR; };
		8F1CB2711BF2FFD4006378F0 /* iDongtuUITests.m */ = {isa = PBXFileReference; lastKnownFileType = sourcecode.c.objc; path = iDongtuUITests.m; sourceTree = "<group>"; };
		8F1CB2731BF2FFD4006378F0 /* Info.plist */ = {isa = PBXFileReference; lastKnownFileType = text.plist.xml; path = Info.plist; sourceTree = "<group>"; };
		8F1CB2971BF3033C006378F0 /* CIImage+Convenience.h */ = {isa = PBXFileReference; fileEncoding = 4; lastKnownFileType = sourcecode.c.h; path = "CIImage+Convenience.h"; sourceTree = "<group>"; };
		8F1CB2981BF3033C006378F0 /* CIImage+Convenience.m */ = {isa = PBXFileReference; fileEncoding = 4; lastKnownFileType = sourcecode.c.objc; path = "CIImage+Convenience.m"; sourceTree = "<group>"; };
		8F1CB2991BF3033C006378F0 /* NSIndexSet+Convenience.h */ = {isa = PBXFileReference; fileEncoding = 4; lastKnownFileType = sourcecode.c.h; path = "NSIndexSet+Convenience.h"; sourceTree = "<group>"; };
		8F1CB29A1BF3033C006378F0 /* NSIndexSet+Convenience.m */ = {isa = PBXFileReference; fileEncoding = 4; lastKnownFileType = sourcecode.c.objc; path = "NSIndexSet+Convenience.m"; sourceTree = "<group>"; };
		8F1CB29B1BF3033C006378F0 /* UICollectionView+Convenience.h */ = {isa = PBXFileReference; fileEncoding = 4; lastKnownFileType = sourcecode.c.h; path = "UICollectionView+Convenience.h"; sourceTree = "<group>"; };
		8F1CB29C1BF3033C006378F0 /* UICollectionView+Convenience.m */ = {isa = PBXFileReference; fileEncoding = 4; lastKnownFileType = sourcecode.c.objc; path = "UICollectionView+Convenience.m"; sourceTree = "<group>"; };
		8F1CB2A11BF3035E006378F0 /* NSGIF.h */ = {isa = PBXFileReference; fileEncoding = 4; lastKnownFileType = sourcecode.c.h; path = NSGIF.h; sourceTree = "<group>"; };
		8F1CB2A21BF3035E006378F0 /* NSGIF.m */ = {isa = PBXFileReference; fileEncoding = 4; lastKnownFileType = sourcecode.c.objc; path = NSGIF.m; sourceTree = "<group>"; };
		8F1CB2A31BF3035E006378F0 /* NSGIF+livePhoto.h */ = {isa = PBXFileReference; fileEncoding = 4; lastKnownFileType = sourcecode.c.h; path = "NSGIF+livePhoto.h"; sourceTree = "<group>"; };
		8F1CB2A41BF3035E006378F0 /* NSGIF+livePhoto.m */ = {isa = PBXFileReference; fileEncoding = 4; lastKnownFileType = sourcecode.c.objc; path = "NSGIF+livePhoto.m"; sourceTree = "<group>"; };
		8F1CB2A71BF30380006378F0 /* AAPLRootListViewController.h */ = {isa = PBXFileReference; fileEncoding = 4; lastKnownFileType = sourcecode.c.h; path = AAPLRootListViewController.h; sourceTree = "<group>"; };
		8F1CB2A81BF30380006378F0 /* AAPLRootListViewController.m */ = {isa = PBXFileReference; fileEncoding = 4; lastKnownFileType = sourcecode.c.objc; path = AAPLRootListViewController.m; sourceTree = "<group>"; };
		8F1CB2A91BF30380006378F0 /* AAPLAssetGridViewController.h */ = {isa = PBXFileReference; fileEncoding = 4; lastKnownFileType = sourcecode.c.h; path = AAPLAssetGridViewController.h; sourceTree = "<group>"; };
		8F1CB2AA1BF30380006378F0 /* AAPLAssetGridViewController.m */ = {isa = PBXFileReference; fileEncoding = 4; lastKnownFileType = sourcecode.c.objc; path = AAPLAssetGridViewController.m; sourceTree = "<group>"; };
		8F1CB2AB1BF30380006378F0 /* AAPLAssetViewController.h */ = {isa = PBXFileReference; fileEncoding = 4; lastKnownFileType = sourcecode.c.h; path = AAPLAssetViewController.h; sourceTree = "<group>"; };
		8F1CB2AC1BF30380006378F0 /* AAPLAssetViewController.m */ = {isa = PBXFileReference; fileEncoding = 4; lastKnownFileType = sourcecode.c.objc; path = AAPLAssetViewController.m; sourceTree = "<group>"; };
		8F1CB2AD1BF30380006378F0 /* ShareViewController.h */ = {isa = PBXFileReference; fileEncoding = 4; lastKnownFileType = sourcecode.c.h; path = ShareViewController.h; sourceTree = "<group>"; };
		8F1CB2AE1BF30380006378F0 /* ShareViewController.m */ = {isa = PBXFileReference; fileEncoding = 4; lastKnownFileType = sourcecode.c.objc; path = ShareViewController.m; sourceTree = "<group>"; };
		8F1CB2B41BF30396006378F0 /* AAPLGridViewCell.h */ = {isa = PBXFileReference; fileEncoding = 4; lastKnownFileType = sourcecode.c.h; path = AAPLGridViewCell.h; sourceTree = "<group>"; };
		8F1CB2B51BF30396006378F0 /* AAPLGridViewCell.m */ = {isa = PBXFileReference; fileEncoding = 4; lastKnownFileType = sourcecode.c.objc; path = AAPLGridViewCell.m; sourceTree = "<group>"; };
		8F1CB2BA1BF30539006378F0 /* Main.storyboard */ = {isa = PBXFileReference; fileEncoding = 4; lastKnownFileType = file.storyboard; path = Main.storyboard; sourceTree = "<group>"; };
		8F1CB32E1BF32023006378F0 /* libstdc++.6.0.9.tbd */ = {isa = PBXFileReference; lastKnownFileType = "sourcecode.text-based-dylib-definition"; name = "libstdc++.6.0.9.tbd"; path = "usr/lib/libstdc++.6.0.9.tbd"; sourceTree = SDKROOT; };
		8F1CB3301BF3202D006378F0 /* libz.tbd */ = {isa = PBXFileReference; lastKnownFileType = "sourcecode.text-based-dylib-definition"; name = libz.tbd; path = usr/lib/libz.tbd; sourceTree = SDKROOT; };
		8F1CB3321BF32034006378F0 /* CoreData.framework */ = {isa = PBXFileReference; lastKnownFileType = wrapper.framework; name = CoreData.framework; path = System/Library/Frameworks/CoreData.framework; sourceTree = SDKROOT; };
		8F1CB3341BF3203E006378F0 /* CoreLocation.framework */ = {isa = PBXFileReference; lastKnownFileType = wrapper.framework; name = CoreLocation.framework; path = System/Library/Frameworks/CoreLocation.framework; sourceTree = SDKROOT; };
		8F1CB3371BF3207E006378F0 /* libsqlite3.0.tbd */ = {isa = PBXFileReference; lastKnownFileType = "sourcecode.text-based-dylib-definition"; name = libsqlite3.0.tbd; path = usr/lib/libsqlite3.0.tbd; sourceTree = SDKROOT; };
		8F2D65261BFC87D500053452 /* LDAssetsThumbnailView.h */ = {isa = PBXFileReference; fileEncoding = 4; lastKnownFileType = sourcecode.c.h; path = LDAssetsThumbnailView.h; sourceTree = "<group>"; };
		8F2D65271BFC87D500053452 /* LDAssetsThumbnailView.m */ = {isa = PBXFileReference; fileEncoding = 4; lastKnownFileType = sourcecode.c.objc; path = LDAssetsThumbnailView.m; sourceTree = "<group>"; };
		8F2D65291BFDBB5F00053452 /* AssetGroupTableViewCell.h */ = {isa = PBXFileReference; fileEncoding = 4; lastKnownFileType = sourcecode.c.h; path = AssetGroupTableViewCell.h; sourceTree = "<group>"; };
		8F2D652A1BFDBB5F00053452 /* AssetGroupTableViewCell.m */ = {isa = PBXFileReference; fileEncoding = 4; lastKnownFileType = sourcecode.c.objc; path = AssetGroupTableViewCell.m; sourceTree = "<group>"; };
		8F466A811C11355D00EFBB0C /* Base */ = {isa = PBXFileReference; lastKnownFileType = file.storyboard; name = Base; path = Base.lproj/Storyboard.storyboard; sourceTree = "<group>"; };
		8F466A9D1C113B9500EFBB0C /* Base */ = {isa = PBXFileReference; lastKnownFileType = file.storyboard; name = Base; path = Base.lproj/LaunchScreen.storyboard; sourceTree = "<group>"; };
		8F466A9E1C115A0600EFBB0C /* BaseNavigationViewController.h */ = {isa = PBXFileReference; fileEncoding = 4; lastKnownFileType = sourcecode.c.h; path = BaseNavigationViewController.h; sourceTree = "<group>"; };
		8F466A9F1C115A0600EFBB0C /* BaseNavigationViewController.m */ = {isa = PBXFileReference; fileEncoding = 4; lastKnownFileType = sourcecode.c.objc; path = BaseNavigationViewController.m; sourceTree = "<group>"; };
		8F530E0E1C1579620061E712 /* zh-Hans */ = {isa = PBXFileReference; lastKnownFileType = file.storyboard; name = "zh-Hans"; path = "zh-Hans.lproj/Storyboard.storyboard"; sourceTree = "<group>"; };
		8F530E111C15796B0061E712 /* en */ = {isa = PBXFileReference; lastKnownFileType = file.storyboard; name = en; path = en.lproj/Storyboard.storyboard; sourceTree = "<group>"; };
		8F891C001C0095F700A09B68 /* LDViewControllerTransitioner.h */ = {isa = PBXFileReference; fileEncoding = 4; lastKnownFileType = sourcecode.c.h; path = LDViewControllerTransitioner.h; sourceTree = "<group>"; };
		8F891C011C0095F700A09B68 /* LDViewControllerTransitioner.m */ = {isa = PBXFileReference; fileEncoding = 4; lastKnownFileType = sourcecode.c.objc; path = LDViewControllerTransitioner.m; sourceTree = "<group>"; };
		8FBD86321BF37EDC004A7D63 /* NSGIF+GifExist.h */ = {isa = PBXFileReference; fileEncoding = 4; lastKnownFileType = sourcecode.c.h; path = "NSGIF+GifExist.h"; sourceTree = "<group>"; };
		8FBD86331BF37EDC004A7D63 /* NSGIF+GifExist.m */ = {isa = PBXFileReference; fileEncoding = 4; lastKnownFileType = sourcecode.c.objc; path = "NSGIF+GifExist.m"; sourceTree = "<group>"; };
		8FCE9E8C1C0729F100176AD1 /* PageFullScreen.h */ = {isa = PBXFileReference; fileEncoding = 4; lastKnownFileType = sourcecode.c.h; path = PageFullScreen.h; sourceTree = "<group>"; };
		8FCE9E8D1C0729F100176AD1 /* PageFullScreen.m */ = {isa = PBXFileReference; fileEncoding = 4; lastKnownFileType = sourcecode.c.objc; path = PageFullScreen.m; sourceTree = "<group>"; };
/* End PBXFileReference section */

/* Begin PBXFrameworksBuildPhase section */
		8F1CB2431BF2FFD4006378F0 /* Frameworks */ = {
			isa = PBXFrameworksBuildPhase;
			buildActionMask = 2147483647;
			files = (
				8F1CB3381BF3207E006378F0 /* libsqlite3.0.tbd in Frameworks */,
				8F1CB3351BF3203E006378F0 /* CoreLocation.framework in Frameworks */,
				8F1CB3331BF32034006378F0 /* CoreData.framework in Frameworks */,
				8F1CB3311BF3202D006378F0 /* libz.tbd in Frameworks */,
				8F1CB32F1BF32023006378F0 /* libstdc++.6.0.9.tbd in Frameworks */,
			);
			runOnlyForDeploymentPostprocessing = 0;
		};
		8F1CB25F1BF2FFD4006378F0 /* Frameworks */ = {
			isa = PBXFrameworksBuildPhase;
			buildActionMask = 2147483647;
			files = (
			);
			runOnlyForDeploymentPostprocessing = 0;
		};
		8F1CB26A1BF2FFD4006378F0 /* Frameworks */ = {
			isa = PBXFrameworksBuildPhase;
			buildActionMask = 2147483647;
			files = (
			);
			runOnlyForDeploymentPostprocessing = 0;
		};
/* End PBXFrameworksBuildPhase section */

/* Begin PBXGroup section */
		8F1CB23D1BF2FFD4006378F0 = {
			isa = PBXGroup;
			children = (
				8F1CB2481BF2FFD4006378F0 /* iDongtu */,
				8F1CB3361BF32057006378F0 /* FrameWorks */,
				8F1CB2651BF2FFD4006378F0 /* iDongtuTests */,
				8F1CB2701BF2FFD4006378F0 /* iDongtuUITests */,
				8F1CB2471BF2FFD4006378F0 /* Products */,
			);
			sourceTree = "<group>";
		};
		8F1CB2471BF2FFD4006378F0 /* Products */ = {
			isa = PBXGroup;
			children = (
				8F1CB2461BF2FFD4006378F0 /* iDongtu.app */,
				8F1CB2621BF2FFD4006378F0 /* iDongtuTests.xctest */,
				8F1CB26D1BF2FFD4006378F0 /* iDongtuUITests.xctest */,
			);
			name = Products;
			sourceTree = "<group>";
		};
		8F1CB2481BF2FFD4006378F0 /* iDongtu */ = {
			isa = PBXGroup;
			children = (
				8F1CB24C1BF2FFD4006378F0 /* AppDelegate.h */,
				8F1CB24D1BF2FFD4006378F0 /* AppDelegate.m */,
				8F1CB2C51BF30A68006378F0 /* Storyboard.storyboard */,
				8F1CB2BA1BF30539006378F0 /* Main.storyboard */,
				8F1CB2551BF2FFD4006378F0 /* iDongtu.xcdatamodeld */,
				8F1CB2B71BF3039B006378F0 /* View */,
				8F1CB2B31BF30385006378F0 /* Controller */,
				8F1CB2A01BF30344006378F0 /* Convenience */,
				8F1CB2491BF2FFD4006378F0 /* Supporting Files */,
			);
			path = iDongtu;
			sourceTree = "<group>";
		};
		8F1CB2491BF2FFD4006378F0 /* Supporting Files */ = {
			isa = PBXGroup;
			children = (
				8F07B2DB1BF47AE10066EDA9 /* Localizable.strings */,
				8F07B2E91BF486BD0066EDA9 /* InfoPlist.strings */,
				8F07B2EB1BF4892D0066EDA9 /* Info.plist */,
				8F1CB2581BF2FFD4006378F0 /* Assets.xcassets */,
				8F1CB25A1BF2FFD4006378F0 /* LaunchScreen.storyboard */,
				8F1CB24A1BF2FFD4006378F0 /* main.m */,
			);
			name = "Supporting Files";
			sourceTree = "<group>";
		};
		8F1CB2651BF2FFD4006378F0 /* iDongtuTests */ = {
			isa = PBXGroup;
			children = (
				8F1CB2661BF2FFD4006378F0 /* iDongtuTests.m */,
				8F1CB2681BF2FFD4006378F0 /* Info.plist */,
			);
			path = iDongtuTests;
			sourceTree = "<group>";
		};
		8F1CB2701BF2FFD4006378F0 /* iDongtuUITests */ = {
			isa = PBXGroup;
			children = (
				8F1CB2711BF2FFD4006378F0 /* iDongtuUITests.m */,
				8F1CB2731BF2FFD4006378F0 /* Info.plist */,
			);
			path = iDongtuUITests;
			sourceTree = "<group>";
		};
		8F1CB2A01BF30344006378F0 /* Convenience */ = {
			isa = PBXGroup;
			children = (
				8F891C001C0095F700A09B68 /* LDViewControllerTransitioner.h */,
				8F891C011C0095F700A09B68 /* LDViewControllerTransitioner.m */,
				8F1CB2A11BF3035E006378F0 /* NSGIF.h */,
				8F1CB2A21BF3035E006378F0 /* NSGIF.m */,
				8F1CB2A31BF3035E006378F0 /* NSGIF+livePhoto.h */,
				8F1CB2A41BF3035E006378F0 /* NSGIF+livePhoto.m */,
				8FBD86321BF37EDC004A7D63 /* NSGIF+GifExist.h */,
				8FBD86331BF37EDC004A7D63 /* NSGIF+GifExist.m */,
				8F1CB2971BF3033C006378F0 /* CIImage+Convenience.h */,
				8F1CB2981BF3033C006378F0 /* CIImage+Convenience.m */,
				8F1CB2991BF3033C006378F0 /* NSIndexSet+Convenience.h */,
				8F1CB29A1BF3033C006378F0 /* NSIndexSet+Convenience.m */,
				8F1CB29B1BF3033C006378F0 /* UICollectionView+Convenience.h */,
				8F1CB29C1BF3033C006378F0 /* UICollectionView+Convenience.m */,
				8FCE9E8C1C0729F100176AD1 /* PageFullScreen.h */,
				8FCE9E8D1C0729F100176AD1 /* PageFullScreen.m */,
			);
			name = Convenience;
			sourceTree = "<group>";
		};
		8F1CB2B31BF30385006378F0 /* Controller */ = {
			isa = PBXGroup;
			children = (
				8F1CB2A71BF30380006378F0 /* AAPLRootListViewController.h */,
				8F1CB2A81BF30380006378F0 /* AAPLRootListViewController.m */,
				8F1CB2A91BF30380006378F0 /* AAPLAssetGridViewController.h */,
				8F1CB2AA1BF30380006378F0 /* AAPLAssetGridViewController.m */,
				8F025BA71C006ABC00441FE1 /* AssetPageViewController.h */,
				8F025BA81C006ABC00441FE1 /* AssetPageViewController.m */,
				8F1CB2AB1BF30380006378F0 /* AAPLAssetViewController.h */,
				8F1CB2AC1BF30380006378F0 /* AAPLAssetViewController.m */,
				8F1CB2AD1BF30380006378F0 /* ShareViewController.h */,
				8F1CB2AE1BF30380006378F0 /* ShareViewController.m */,
				8F07B2D41BF46A3F0066EDA9 /* GifAssetHelper.h */,
				8F07B2D51BF46A3F0066EDA9 /* GifAssetHelper.m */,
				8F466A9E1C115A0600EFBB0C /* BaseNavigationViewController.h */,
				8F466A9F1C115A0600EFBB0C /* BaseNavigationViewController.m */,
			);
			name = Controller;
			sourceTree = "<group>";
		};
		8F1CB2B71BF3039B006378F0 /* View */ = {
			isa = PBXGroup;
			children = (
				8F1CB2B41BF30396006378F0 /* AAPLGridViewCell.h */,
				8F1CB2B51BF30396006378F0 /* AAPLGridViewCell.m */,
				8F2D65291BFDBB5F00053452 /* AssetGroupTableViewCell.h */,
				8F2D652A1BFDBB5F00053452 /* AssetGroupTableViewCell.m */,
				8F2D65261BFC87D500053452 /* LDAssetsThumbnailView.h */,
				8F2D65271BFC87D500053452 /* LDAssetsThumbnailView.m */,
			);
			name = View;
			sourceTree = "<group>";
		};
		8F1CB3361BF32057006378F0 /* FrameWorks */ = {
			isa = PBXGroup;
			children = (
				8F1CB3371BF3207E006378F0 /* libsqlite3.0.tbd */,
				8F1CB3341BF3203E006378F0 /* CoreLocation.framework */,
				8F1CB3321BF32034006378F0 /* CoreData.framework */,
				8F1CB3301BF3202D006378F0 /* libz.tbd */,
				8F1CB32E1BF32023006378F0 /* libstdc++.6.0.9.tbd */,
			);
			name = FrameWorks;
			sourceTree = "<group>";
		};
/* End PBXGroup section */

/* Begin PBXNativeTarget section */
		8F1CB2451BF2FFD4006378F0 /* iDongtu */ = {
			isa = PBXNativeTarget;
			buildConfigurationList = 8F1CB2761BF2FFD4006378F0 /* Build configuration list for PBXNativeTarget "iDongtu" */;
			buildPhases = (
				8F1CB2421BF2FFD4006378F0 /* Sources */,
				8F1CB2431BF2FFD4006378F0 /* Frameworks */,
				8F1CB2441BF2FFD4006378F0 /* Resources */,
			);
			buildRules = (
			);
			dependencies = (
			);
			name = iDongtu;
			productName = iDongtu;
			productReference = 8F1CB2461BF2FFD4006378F0 /* iDongtu.app */;
			productType = "com.apple.product-type.application";
		};
		8F1CB2611BF2FFD4006378F0 /* iDongtuTests */ = {
			isa = PBXNativeTarget;
			buildConfigurationList = 8F1CB2791BF2FFD4006378F0 /* Build configuration list for PBXNativeTarget "iDongtuTests" */;
			buildPhases = (
				8F1CB25E1BF2FFD4006378F0 /* Sources */,
				8F1CB25F1BF2FFD4006378F0 /* Frameworks */,
				8F1CB2601BF2FFD4006378F0 /* Resources */,
			);
			buildRules = (
			);
			dependencies = (
				8F1CB2641BF2FFD4006378F0 /* PBXTargetDependency */,
			);
			name = iDongtuTests;
			productName = iDongtuTests;
			productReference = 8F1CB2621BF2FFD4006378F0 /* iDongtuTests.xctest */;
			productType = "com.apple.product-type.bundle.unit-test";
		};
		8F1CB26C1BF2FFD4006378F0 /* iDongtuUITests */ = {
			isa = PBXNativeTarget;
			buildConfigurationList = 8F1CB27C1BF2FFD4006378F0 /* Build configuration list for PBXNativeTarget "iDongtuUITests" */;
			buildPhases = (
				8F1CB2691BF2FFD4006378F0 /* Sources */,
				8F1CB26A1BF2FFD4006378F0 /* Frameworks */,
				8F1CB26B1BF2FFD4006378F0 /* Resources */,
			);
			buildRules = (
			);
			dependencies = (
				8F1CB26F1BF2FFD4006378F0 /* PBXTargetDependency */,
			);
			name = iDongtuUITests;
			productName = iDongtuUITests;
			productReference = 8F1CB26D1BF2FFD4006378F0 /* iDongtuUITests.xctest */;
			productType = "com.apple.product-type.bundle.ui-testing";
		};
/* End PBXNativeTarget section */

/* Begin PBXProject section */
		8F1CB23E1BF2FFD4006378F0 /* Project object */ = {
			isa = PBXProject;
			attributes = {
				LastUpgradeCheck = 0710;
				ORGANIZATIONNAME = juvham;
				TargetAttributes = {
					8F1CB2451BF2FFD4006378F0 = {
						CreatedOnToolsVersion = 7.1;
					};
					8F1CB2611BF2FFD4006378F0 = {
						CreatedOnToolsVersion = 7.1;
						TestTargetID = 8F1CB2451BF2FFD4006378F0;
					};
					8F1CB26C1BF2FFD4006378F0 = {
						CreatedOnToolsVersion = 7.1;
						TestTargetID = 8F1CB2451BF2FFD4006378F0;
					};
				};
			};
			buildConfigurationList = 8F1CB2411BF2FFD4006378F0 /* Build configuration list for PBXProject "iDongtu" */;
			compatibilityVersion = "Xcode 3.2";
			developmentRegion = English;
			hasScannedForEncodings = 0;
			knownRegions = (
				en,
				Base,
				"zh-Hans",
			);
			mainGroup = 8F1CB23D1BF2FFD4006378F0;
			productRefGroup = 8F1CB2471BF2FFD4006378F0 /* Products */;
			projectDirPath = "";
			projectRoot = "";
			targets = (
				8F1CB2451BF2FFD4006378F0 /* iDongtu */,
				8F1CB2611BF2FFD4006378F0 /* iDongtuTests */,
				8F1CB26C1BF2FFD4006378F0 /* iDongtuUITests */,
			);
		};
/* End PBXProject section */

/* Begin PBXResourcesBuildPhase section */
		8F1CB2441BF2FFD4006378F0 /* Resources */ = {
			isa = PBXResourcesBuildPhase;
			buildActionMask = 2147483647;
			files = (
				8F1CB25C1BF2FFD4006378F0 /* LaunchScreen.storyboard in Resources */,
				8F1CB2C31BF30A68006378F0 /* Storyboard.storyboard in Resources */,
				8F07B2E71BF486BD0066EDA9 /* InfoPlist.strings in Resources */,
				8F1CB2591BF2FFD4006378F0 /* Assets.xcassets in Resources */,
				8F07B2D91BF47AE10066EDA9 /* Localizable.strings in Resources */,
				8F1CB2BB1BF30539006378F0 /* Main.storyboard in Resources */,
				8F07B2EC1BF4892D0066EDA9 /* Info.plist in Resources */,
			);
			runOnlyForDeploymentPostprocessing = 0;
		};
		8F1CB2601BF2FFD4006378F0 /* Resources */ = {
			isa = PBXResourcesBuildPhase;
			buildActionMask = 2147483647;
			files = (
			);
			runOnlyForDeploymentPostprocessing = 0;
		};
		8F1CB26B1BF2FFD4006378F0 /* Resources */ = {
			isa = PBXResourcesBuildPhase;
			buildActionMask = 2147483647;
			files = (
			);
			runOnlyForDeploymentPostprocessing = 0;
		};
/* End PBXResourcesBuildPhase section */

/* Begin PBXSourcesBuildPhase section */
		8F1CB2421BF2FFD4006378F0 /* Sources */ = {
			isa = PBXSourcesBuildPhase;
			buildActionMask = 2147483647;
			files = (
				8F2D652B1BFDBB5F00053452 /* AssetGroupTableViewCell.m in Sources */,
				8F1CB2AF1BF30380006378F0 /* AAPLRootListViewController.m in Sources */,
				8F1CB2B11BF30380006378F0 /* AAPLAssetViewController.m in Sources */,
				8FBD86341BF37EDC004A7D63 /* NSGIF+GifExist.m in Sources */,
				8F07B2D61BF46A3F0066EDA9 /* GifAssetHelper.m in Sources */,
				8F2D65281BFC87D500053452 /* LDAssetsThumbnailView.m in Sources */,
				8F025BA91C006ABC00441FE1 /* AssetPageViewController.m in Sources */,
				8F1CB2B61BF30396006378F0 /* AAPLGridViewCell.m in Sources */,
				8F1CB29D1BF3033C006378F0 /* CIImage+Convenience.m in Sources */,
				8F1CB2A51BF3035E006378F0 /* NSGIF.m in Sources */,
				8F891C021C0095F700A09B68 /* LDViewControllerTransitioner.m in Sources */,
				8F1CB29F1BF3033C006378F0 /* UICollectionView+Convenience.m in Sources */,
				8F1CB24E1BF2FFD4006378F0 /* AppDelegate.m in Sources */,
				8F1CB2A61BF3035E006378F0 /* NSGIF+livePhoto.m in Sources */,
				8F1CB2571BF2FFD4006378F0 /* iDongtu.xcdatamodeld in Sources */,
				8FCE9E8E1C0729F100176AD1 /* PageFullScreen.m in Sources */,
				8F466AA01C115A0600EFBB0C /* BaseNavigationViewController.m in Sources */,
				8F1CB2B01BF30380006378F0 /* AAPLAssetGridViewController.m in Sources */,
				8F1CB2B21BF30380006378F0 /* ShareViewController.m in Sources */,
				8F1CB29E1BF3033C006378F0 /* NSIndexSet+Convenience.m in Sources */,
				8F1CB24B1BF2FFD4006378F0 /* main.m in Sources */,
			);
			runOnlyForDeploymentPostprocessing = 0;
		};
		8F1CB25E1BF2FFD4006378F0 /* Sources */ = {
			isa = PBXSourcesBuildPhase;
			buildActionMask = 2147483647;
			files = (
				8F1CB2671BF2FFD4006378F0 /* iDongtuTests.m in Sources */,
			);
			runOnlyForDeploymentPostprocessing = 0;
		};
		8F1CB2691BF2FFD4006378F0 /* Sources */ = {
			isa = PBXSourcesBuildPhase;
			buildActionMask = 2147483647;
			files = (
				8F1CB2721BF2FFD4006378F0 /* iDongtuUITests.m in Sources */,
			);
			runOnlyForDeploymentPostprocessing = 0;
		};
/* End PBXSourcesBuildPhase section */

/* Begin PBXTargetDependency section */
		8F1CB2641BF2FFD4006378F0 /* PBXTargetDependency */ = {
			isa = PBXTargetDependency;
			target = 8F1CB2451BF2FFD4006378F0 /* iDongtu */;
			targetProxy = 8F1CB2631BF2FFD4006378F0 /* PBXContainerItemProxy */;
		};
		8F1CB26F1BF2FFD4006378F0 /* PBXTargetDependency */ = {
			isa = PBXTargetDependency;
			target = 8F1CB2451BF2FFD4006378F0 /* iDongtu */;
			targetProxy = 8F1CB26E1BF2FFD4006378F0 /* PBXContainerItemProxy */;
		};
/* End PBXTargetDependency section */

/* Begin PBXVariantGroup section */
		8F07B2DB1BF47AE10066EDA9 /* Localizable.strings */ = {
			isa = PBXVariantGroup;
			children = (
				8F07B2DA1BF47AE10066EDA9 /* en */,
				8F07B2DC1BF47AE20066EDA9 /* zh-Hans */,
			);
			name = Localizable.strings;
			sourceTree = "<group>";
		};
		8F07B2E91BF486BD0066EDA9 /* InfoPlist.strings */ = {
			isa = PBXVariantGroup;
			children = (
				8F07B2E81BF486BD0066EDA9 /* en */,
				8F07B2EA1BF486BE0066EDA9 /* zh-Hans */,
			);
			name = InfoPlist.strings;
			sourceTree = "<group>";
		};
		8F1CB25A1BF2FFD4006378F0 /* LaunchScreen.storyboard */ = {
			isa = PBXVariantGroup;
			children = (
				8F466A9D1C113B9500EFBB0C /* Base */,
			);
			name = LaunchScreen.storyboard;
			sourceTree = "<group>";
		};
		8F1CB2C51BF30A68006378F0 /* Storyboard.storyboard */ = {
			isa = PBXVariantGroup;
			children = (
				8F466A811C11355D00EFBB0C /* Base */,
				8F530E0E1C1579620061E712 /* zh-Hans */,
				8F530E111C15796B0061E712 /* en */,
			);
			name = Storyboard.storyboard;
			sourceTree = "<group>";
		};
/* End PBXVariantGroup section */

/* Begin XCBuildConfiguration section */
		8F1CB2741BF2FFD4006378F0 /* Debug */ = {
			isa = XCBuildConfiguration;
			buildSettings = {
				ALWAYS_SEARCH_USER_PATHS = NO;
				CLANG_CXX_LANGUAGE_STANDARD = "gnu++0x";
				CLANG_CXX_LIBRARY = "libc++";
				CLANG_ENABLE_MODULES = YES;
				CLANG_ENABLE_OBJC_ARC = YES;
				CLANG_WARN_BOOL_CONVERSION = YES;
				CLANG_WARN_CONSTANT_CONVERSION = YES;
				CLANG_WARN_DIRECT_OBJC_ISA_USAGE = YES_ERROR;
				CLANG_WARN_EMPTY_BODY = YES;
				CLANG_WARN_ENUM_CONVERSION = YES;
				CLANG_WARN_INT_CONVERSION = YES;
				CLANG_WARN_OBJC_ROOT_CLASS = YES_ERROR;
				CLANG_WARN_UNREACHABLE_CODE = YES;
				CLANG_WARN__DUPLICATE_METHOD_MATCH = YES;
				"CODE_SIGN_IDENTITY[sdk=iphoneos*]" = "iPhone Developer";
				COPY_PHASE_STRIP = NO;
				DEBUG_INFORMATION_FORMAT = dwarf;
				ENABLE_STRICT_OBJC_MSGSEND = YES;
				ENABLE_TESTABILITY = YES;
				GCC_C_LANGUAGE_STANDARD = gnu99;
				GCC_DYNAMIC_NO_PIC = NO;
				GCC_NO_COMMON_BLOCKS = YES;
				GCC_OPTIMIZATION_LEVEL = 0;
				GCC_PREPROCESSOR_DEFINITIONS = (
					"DEBUG=1",
					"$(inherited)",
				);
				GCC_WARN_64_TO_32_BIT_CONVERSION = YES;
				GCC_WARN_ABOUT_RETURN_TYPE = YES_ERROR;
				GCC_WARN_UNDECLARED_SELECTOR = YES;
				GCC_WARN_UNINITIALIZED_AUTOS = YES_AGGRESSIVE;
				GCC_WARN_UNUSED_FUNCTION = YES;
				GCC_WARN_UNUSED_VARIABLE = YES;
				IPHONEOS_DEPLOYMENT_TARGET = 9.1;
				MTL_ENABLE_DEBUG_INFO = YES;
				ONLY_ACTIVE_ARCH = YES;
				SDKROOT = iphoneos;
				TARGETED_DEVICE_FAMILY = "1,2";
			};
			name = Debug;
		};
		8F1CB2751BF2FFD4006378F0 /* Release */ = {
			isa = XCBuildConfiguration;
			buildSettings = {
				ALWAYS_SEARCH_USER_PATHS = NO;
				CLANG_CXX_LANGUAGE_STANDARD = "gnu++0x";
				CLANG_CXX_LIBRARY = "libc++";
				CLANG_ENABLE_MODULES = YES;
				CLANG_ENABLE_OBJC_ARC = YES;
				CLANG_WARN_BOOL_CONVERSION = YES;
				CLANG_WARN_CONSTANT_CONVERSION = YES;
				CLANG_WARN_DIRECT_OBJC_ISA_USAGE = YES_ERROR;
				CLANG_WARN_EMPTY_BODY = YES;
				CLANG_WARN_ENUM_CONVERSION = YES;
				CLANG_WARN_INT_CONVERSION = YES;
				CLANG_WARN_OBJC_ROOT_CLASS = YES_ERROR;
				CLANG_WARN_UNREACHABLE_CODE = YES;
				CLANG_WARN__DUPLICATE_METHOD_MATCH = YES;
				"CODE_SIGN_IDENTITY[sdk=iphoneos*]" = "iPhone Developer";
				COPY_PHASE_STRIP = NO;
				DEBUG_INFORMATION_FORMAT = "dwarf-with-dsym";
				ENABLE_NS_ASSERTIONS = NO;
				ENABLE_STRICT_OBJC_MSGSEND = YES;
				GCC_C_LANGUAGE_STANDARD = gnu99;
				GCC_NO_COMMON_BLOCKS = YES;
				GCC_WARN_64_TO_32_BIT_CONVERSION = YES;
				GCC_WARN_ABOUT_RETURN_TYPE = YES_ERROR;
				GCC_WARN_UNDECLARED_SELECTOR = YES;
				GCC_WARN_UNINITIALIZED_AUTOS = YES_AGGRESSIVE;
				GCC_WARN_UNUSED_FUNCTION = YES;
				GCC_WARN_UNUSED_VARIABLE = YES;
				IPHONEOS_DEPLOYMENT_TARGET = 9.1;
				MTL_ENABLE_DEBUG_INFO = NO;
				SDKROOT = iphoneos;
				TARGETED_DEVICE_FAMILY = "1,2";
				VALIDATE_PRODUCT = YES;
			};
			name = Release;
		};
		8F1CB2771BF2FFD4006378F0 /* Debug */ = {
			isa = XCBuildConfiguration;
			buildSettings = {
				ASSETCATALOG_COMPILER_APPICON_NAME = AppIcon;
				ENABLE_BITCODE = NO;
				FRAMEWORK_SEARCH_PATHS = (
					"$(inherited)",
					"$(PROJECT_DIR)/iDongtu/OneSDK",
					"$(PROJECT_DIR)/iDongtu/OneSDK/UMSocial_Sdk_Extra_Frameworks/TencentOpenAPI",
				);
				INFOPLIST_FILE = iDongtu/Info.plist;
				LD_RUNPATH_SEARCH_PATHS = "$(inherited) @executable_path/Frameworks";
				LIBRARY_SEARCH_PATHS = (
					"$(inherited)",
					"$(PROJECT_DIR)/iDongtu/OneSDK",
					"$(PROJECT_DIR)/iDongtu/OneSDK/UMSocial_Sdk",
					"$(PROJECT_DIR)/iDongtu/OneSDK/UMSocial_Sdk_Extra_Frameworks/SinaSSO",
					"$(PROJECT_DIR)/iDongtu/OneSDK/UMSocial_Sdk_Extra_Frameworks/TencentOpenAPI",
					"$(PROJECT_DIR)/iDongtu/OneSDK/UMSocial_Sdk_Extra_Frameworks/Wechat",
				);
				OTHER_LDFLAGS = (
					"-ObjC",
					"-lstdc++",
				);
				PRODUCT_BUNDLE_IDENTIFIER = com.juvham.iDongtu;
				PRODUCT_NAME = "$(TARGET_NAME)";
			};
			name = Debug;
		};
		8F1CB2781BF2FFD4006378F0 /* Release */ = {
			isa = XCBuildConfiguration;
			buildSettings = {
				ASSETCATALOG_COMPILER_APPICON_NAME = AppIcon;
				ENABLE_BITCODE = NO;
				FRAMEWORK_SEARCH_PATHS = (
					"$(inherited)",
					"$(PROJECT_DIR)/iDongtu/OneSDK",
					"$(PROJECT_DIR)/iDongtu/OneSDK/UMSocial_Sdk_Extra_Frameworks/TencentOpenAPI",
				);
				INFOPLIST_FILE = iDongtu/Info.plist;
				LD_RUNPATH_SEARCH_PATHS = "$(inherited) @executable_path/Frameworks";
				LIBRARY_SEARCH_PATHS = (
					"$(inherited)",
					"$(PROJECT_DIR)/iDongtu/OneSDK",
					"$(PROJECT_DIR)/iDongtu/OneSDK/UMSocial_Sdk",
					"$(PROJECT_DIR)/iDongtu/OneSDK/UMSocial_Sdk_Extra_Frameworks/SinaSSO",
					"$(PROJECT_DIR)/iDongtu/OneSDK/UMSocial_Sdk_Extra_Frameworks/TencentOpenAPI",
					"$(PROJECT_DIR)/iDongtu/OneSDK/UMSocial_Sdk_Extra_Frameworks/Wechat",
				);
				OTHER_LDFLAGS = (
					"-ObjC",
					"-lstdc++",
				);
				PRODUCT_BUNDLE_IDENTIFIER = com.juvham.iDongtu;
				PRODUCT_NAME = "$(TARGET_NAME)";
			};
			name = Release;
		};
		8F1CB27A1BF2FFD4006378F0 /* Debug */ = {
			isa = XCBuildConfiguration;
			buildSettings = {
				BUNDLE_LOADER = "$(TEST_HOST)";
				INFOPLIST_FILE = iDongtuTests/Info.plist;
				LD_RUNPATH_SEARCH_PATHS = "$(inherited) @executable_path/Frameworks @loader_path/Frameworks";
				PRODUCT_BUNDLE_IDENTIFIER = com.juvham.iDongtuTests;
				PRODUCT_NAME = "$(TARGET_NAME)";
				TEST_HOST = "$(BUILT_PRODUCTS_DIR)/iDongtu.app/iDongtu";
			};
			name = Debug;
		};
		8F1CB27B1BF2FFD4006378F0 /* Release */ = {
			isa = XCBuildConfiguration;
			buildSettings = {
				BUNDLE_LOADER = "$(TEST_HOST)";
				INFOPLIST_FILE = iDongtuTests/Info.plist;
				LD_RUNPATH_SEARCH_PATHS = "$(inherited) @executable_path/Frameworks @loader_path/Frameworks";
				PRODUCT_BUNDLE_IDENTIFIER = com.juvham.iDongtuTests;
				PRODUCT_NAME = "$(TARGET_NAME)";
				TEST_HOST = "$(BUILT_PRODUCTS_DIR)/iDongtu.app/iDongtu";
			};
			name = Release;
		};
		8F1CB27D1BF2FFD4006378F0 /* Debug */ = {
			isa = XCBuildConfiguration;
			buildSettings = {
				INFOPLIST_FILE = iDongtuUITests/Info.plist;
				LD_RUNPATH_SEARCH_PATHS = "$(inherited) @executable_path/Frameworks @loader_path/Frameworks";
				PRODUCT_BUNDLE_IDENTIFIER = com.juvham.iDongtuUITests;
				PRODUCT_NAME = "$(TARGET_NAME)";
				TEST_TARGET_NAME = iDongtu;
				USES_XCTRUNNER = YES;
			};
			name = Debug;
		};
		8F1CB27E1BF2FFD4006378F0 /* Release */ = {
			isa = XCBuildConfiguration;
			buildSettings = {
				INFOPLIST_FILE = iDongtuUITests/Info.plist;
				LD_RUNPATH_SEARCH_PATHS = "$(inherited) @executable_path/Frameworks @loader_path/Frameworks";
				PRODUCT_BUNDLE_IDENTIFIER = com.juvham.iDongtuUITests;
				PRODUCT_NAME = "$(TARGET_NAME)";
				TEST_TARGET_NAME = iDongtu;
				USES_XCTRUNNER = YES;
			};
			name = Release;
		};
/* End XCBuildConfiguration section */

/* Begin XCConfigurationList section */
		8F1CB2411BF2FFD4006378F0 /* Build configuration list for PBXProject "iDongtu" */ = {
			isa = XCConfigurationList;
			buildConfigurations = (
				8F1CB2741BF2FFD4006378F0 /* Debug */,
				8F1CB2751BF2FFD4006378F0 /* Release */,
			);
			defaultConfigurationIsVisible = 0;
			defaultConfigurationName = Release;
		};
		8F1CB2761BF2FFD4006378F0 /* Build configuration list for PBXNativeTarget "iDongtu" */ = {
			isa = XCConfigurationList;
			buildConfigurations = (
				8F1CB2771BF2FFD4006378F0 /* Debug */,
				8F1CB2781BF2FFD4006378F0 /* Release */,
			);
			defaultConfigurationIsVisible = 0;
			defaultConfigurationName = Release;
		};
		8F1CB2791BF2FFD4006378F0 /* Build configuration list for PBXNativeTarget "iDongtuTests" */ = {
			isa = XCConfigurationList;
			buildConfigurations = (
				8F1CB27A1BF2FFD4006378F0 /* Debug */,
				8F1CB27B1BF2FFD4006378F0 /* Release */,
			);
			defaultConfigurationIsVisible = 0;
			defaultConfigurationName = Release;
		};
		8F1CB27C1BF2FFD4006378F0 /* Build configuration list for PBXNativeTarget "iDongtuUITests" */ = {
			isa = XCConfigurationList;
			buildConfigurations = (
				8F1CB27D1BF2FFD4006378F0 /* Debug */,
				8F1CB27E1BF2FFD4006378F0 /* Release */,
			);
			defaultConfigurationIsVisible = 0;
			defaultConfigurationName = Release;
		};
/* End XCConfigurationList section */

/* Begin XCVersionGroup section */
		8F1CB2551BF2FFD4006378F0 /* iDongtu.xcdatamodeld */ = {
			isa = XCVersionGroup;
			children = (
				8F1CB2561BF2FFD4006378F0 /* iDongtu.xcdatamodel */,
			);
			currentVersion = 8F1CB2561BF2FFD4006378F0 /* iDongtu.xcdatamodel */;
			path = iDongtu.xcdatamodeld;
			sourceTree = "<group>";
			versionGroupType = wrapper.xcdatamodel;
		};
/* End XCVersionGroup section */
	};
	rootObject = 8F1CB23E1BF2FFD4006378F0 /* Project object */;
}
